
Microsoft Visual Studio Solution File, Format Version 12.00
# Visual Studio 15
VisualStudioVersion = 15.0.28307.757
MinimumVisualStudioVersion = 10.0.40219.1
Project("{FAE04EC0-301F-11D3-BF4B-00C04F79EFBC}") = "abuhamza-api", "abuhamza-api\abuhamza-api.csproj", "{8E482029-3CA6-4E5F-89EF-BE4B57444692}"
EndProject
Project("{FAE04EC0-301F-11D3-BF4B-00C04F79EFBC}") = "abuhamza.business", "abuhamza.business\abuhamza.business.csproj", "{32DB6B65-2C47-44C3-98DD-5B6EAA374F0E}"
EndProject
Project("{FAE04EC0-301F-11D3-BF4B-00C04F79EFBC}") = "abuhamza.domain", "abuhamza.domain\abuhamza.domain.csproj", "{5FB49632-C454-4399-B954-7DAD72512C76}"
EndProject
Project("{FAE04EC0-301F-11D3-BF4B-00C04F79EFBC}") = "abuhamza.repository", "abuhamza.repository\abuhamza.repository.csproj", "{47F4C47F-5FD0-48BF-A93B-9272FFD1B790}"
EndProject
Global
	GlobalSection(SolutionConfigurationPlatforms) = preSolution
		Debug|Any CPU = Debug|Any CPU
		Release|Any CPU = Release|Any CPU
	EndGlobalSection
	GlobalSection(ProjectConfigurationPlatforms) = postSolution
		{8E482029-3CA6-4E5F-89EF-BE4B57444692}.Debug|Any CPU.ActiveCfg = Debug|Any CPU
		{8E482029-3CA6-4E5F-89EF-BE4B57444692}.Debug|Any CPU.Build.0 = Debug|Any CPU
		{8E482029-3CA6-4E5F-89EF-BE4B57444692}.Release|Any CPU.ActiveCfg = Release|Any CPU
		{8E482029-3CA6-4E5F-89EF-BE4B57444692}.Release|Any CPU.Build.0 = Release|Any CPU
		{32DB6B65-2C47-44C3-98DD-5B6EAA374F0E}.Debug|Any CPU.ActiveCfg = Debug|Any CPU
		{32DB6B65-2C47-44C3-98DD-5B6EAA374F0E}.Debug|Any CPU.Build.0 = Debug|Any CPU
		{32DB6B65-2C47-44C3-98DD-5B6EAA374F0E}.Release|Any CPU.ActiveCfg = Release|Any CPU
		{32DB6B65-2C47-44C3-98DD-5B6EAA374F0E}.Release|Any CPU.Build.0 = Release|Any CPU
		{5FB49632-C454-4399-B954-7DAD72512C76}.Debug|Any CPU.ActiveCfg = Debug|Any CPU
		{5FB49632-C454-4399-B954-7DAD72512C76}.Debug|Any CPU.Build.0 = Debug|Any CPU
		{5FB49632-C454-4399-B954-7DAD72512C76}.Release|Any CPU.ActiveCfg = Release|Any CPU
		{5FB49632-C454-4399-B954-7DAD72512C76}.Release|Any CPU.Build.0 = Release|Any CPU
		{47F4C47F-5FD0-48BF-A93B-9272FFD1B790}.Debug|Any CPU.ActiveCfg = Debug|Any CPU
		{47F4C47F-5FD0-48BF-A93B-9272FFD1B790}.Debug|Any CPU.Build.0 = Debug|Any CPU
		{47F4C47F-5FD0-48BF-A93B-9272FFD1B790}.Release|Any CPU.ActiveCfg = Release|Any CPU
		{47F4C47F-5FD0-48BF-A93B-9272FFD1B790}.Release|Any CPU.Build.0 = Release|Any CPU
	EndGlobalSection
	GlobalSection(SolutionProperties) = preSolution
		HideSolutionNode = FALSE
	EndGlobalSection
	GlobalSection(ExtensibilityGlobals) = postSolution
		SolutionGuid = {ECF5947E-37BA-4951-965F-925EB4C0813B}
	EndGlobalSection
EndGlobal
